<?xml version="1.0" encoding="utf-8"?>
<Project ToolsVersion="4.0" xmlns="http://schemas.microsoft.com/developer/msbuild/2003">
  <ItemGroup>
    <Filter Include="src">
      <UniqueIdentifier>{d8606422-9bee-4005-939e-5bba1070f107}</UniqueIdentifier>
    </Filter>
  </ItemGroup>
  <ItemGroup>
    <ClCompile Include="..\..\src\caffe\profile\profile_binary_convolution_layer.cpp">
      <Filter>src</Filter>
    </ClCompile>
  </ItemGroup>
</Project>